
Microsoft Visual Studio Solution File, Format Version 12.00
# Visual Studio Version 16
VisualStudioVersion = 16.0.29503.13
MinimumVisualStudioVersion = 10.0.40219.1
Project("{FAE04EC0-301F-11D3-BF4B-00C04F79EFBC}") = "ReamineTimeConversion", "ReamineTimeConversion.csproj", "{0CC06C77-6219-460D-8382-1708A7F305C3}"
EndProject
Project("{9A19103F-16F7-4668-BE54-9A1E7A4F7556}") = "redmine-net-api", "..\redmine-net-api-master\src\redmine-net-api\redmine-net-api.csproj", "{728C2B64-DDB1-49ED-B44D-F049EC706839}"
EndProject
Global
	GlobalSection(SolutionConfigurationPlatforms) = preSolution
		Debug|Any CPU = Debug|Any CPU
		Release|Any CPU = Release|Any CPU
	EndGlobalSection
	GlobalSection(ProjectConfigurationPlatforms) = postSolution
		{0CC06C77-6219-460D-8382-1708A7F305C3}.Debug|Any CPU.ActiveCfg = Debug|Any CPU
		{0CC06C77-6219-460D-8382-1708A7F305C3}.Debug|Any CPU.Build.0 = Debug|Any CPU
		{0CC06C77-6219-460D-8382-1708A7F305C3}.Release|Any CPU.ActiveCfg = Release|Any CPU
		{0CC06C77-6219-460D-8382-1708A7F305C3}.Release|Any CPU.Build.0 = Release|Any CPU
		{728C2B64-DDB1-49ED-B44D-F049EC706839}.Debug|Any CPU.ActiveCfg = Debug|Any CPU
		{728C2B64-DDB1-49ED-B44D-F049EC706839}.Debug|Any CPU.Build.0 = Debug|Any CPU
		{728C2B64-DDB1-49ED-B44D-F049EC706839}.Release|Any CPU.ActiveCfg = Release|Any CPU
		{728C2B64-DDB1-49ED-B44D-F049EC706839}.Release|Any CPU.Build.0 = Release|Any CPU
	EndGlobalSection
	GlobalSection(SolutionProperties) = preSolution
		HideSolutionNode = FALSE
	EndGlobalSection
	GlobalSection(ExtensibilityGlobals) = postSolution
		SolutionGuid = {BE2A4AC6-B4DE-42EE-8423-2EF2BD45A917}
	EndGlobalSection
EndGlobal
